{
  "requires": true,
  "lockfileVersion": 1,
  "dependencies": {
    "@nebular/auth": {
      "version": "3.4.1",
      "resolved": "https://registry.npmjs.org/@nebular/auth/-/auth-3.4.1.tgz",
      "integrity": "sha512-5jenhmLdIl2DGNKJqcU0YhOGNpmBo4lXzJzLul8AcVeNfWUe1Y8s2kaDzqPXDeydkE6JVF55Q0jA0teec2WJZg=="
    }
  }
}
